
Microsoft Visual Studio Solution File, Format Version 12.00
# Visual Studio 2012
Project("{FAE04EC0-301F-11D3-BF4B-00C04F79EFBC}") = "win_chat_server", "win_chat_server\win_chat_server.csproj", "{D8368B29-C512-447E-BB16-1D3570B8FC19}"
EndProject
Global
	GlobalSection(SolutionConfigurationPlatforms) = preSolution
		Debug|Any CPU = Debug|Any CPU
		Release|Any CPU = Release|Any CPU
	EndGlobalSection
	GlobalSection(ProjectConfigurationPlatforms) = postSolution
		{D8368B29-C512-447E-BB16-1D3570B8FC19}.Debug|Any CPU.ActiveCfg = Debug|Any CPU
		{D8368B29-C512-447E-BB16-1D3570B8FC19}.Debug|Any CPU.Build.0 = Debug|Any CPU
		{D8368B29-C512-447E-BB16-1D3570B8FC19}.Release|Any CPU.ActiveCfg = Release|Any CPU
		{D8368B29-C512-447E-BB16-1D3570B8FC19}.Release|Any CPU.Build.0 = Release|Any CPU
	EndGlobalSection
	GlobalSection(SolutionProperties) = preSolution
		HideSolutionNode = FALSE
	EndGlobalSection
EndGlobal
